
Microsoft Visual Studio Solution File, Format Version 12.00
# Visual Studio Version 17
VisualStudioVersion = 17.2.32630.192
MinimumVisualStudioVersion = 10.0.40219.1
Project("{8BC9CEB8-8B4A-11D0-8D11-00A0C91BC942}") = "numword", "numword.vcxproj", "{C4BAC0DE-129B-42A7-8E1F-F7E8859A9145}"
EndProject
Global
	GlobalSection(SolutionConfigurationPlatforms) = preSolution
		Debug|x64 = Debug|x64
		Debug|x86 = Debug|x86
		Release|x64 = Release|x64
		Release|x86 = Release|x86
	EndGlobalSection
	GlobalSection(ProjectConfigurationPlatforms) = postSolution
		{C4BAC0DE-129B-42A7-8E1F-F7E8859A9145}.Debug|x64.ActiveCfg = Debug|x64
		{C4BAC0DE-129B-42A7-8E1F-F7E8859A9145}.Debug|x64.Build.0 = Debug|x64
		{C4BAC0DE-129B-42A7-8E1F-F7E8859A9145}.Debug|x86.ActiveCfg = Debug|Win32
		{C4BAC0DE-129B-42A7-8E1F-F7E8859A9145}.Debug|x86.Build.0 = Debug|Win32
		{C4BAC0DE-129B-42A7-8E1F-F7E8859A9145}.Release|x64.ActiveCfg = Release|x64
		{C4BAC0DE-129B-42A7-8E1F-F7E8859A9145}.Release|x64.Build.0 = Release|x64
		{C4BAC0DE-129B-42A7-8E1F-F7E8859A9145}.Release|x86.ActiveCfg = Release|Win32
		{C4BAC0DE-129B-42A7-8E1F-F7E8859A9145}.Release|x86.Build.0 = Release|Win32
	EndGlobalSection
	GlobalSection(SolutionProperties) = preSolution
		HideSolutionNode = FALSE
	EndGlobalSection
	GlobalSection(ExtensibilityGlobals) = postSolution
		SolutionGuid = {4A934E39-934A-470D-BCB9-B11AD1263D08}
	EndGlobalSection
EndGlobal
